
Microsoft Visual Studio Solution File, Format Version 12.00
# Visual Studio Version 17
VisualStudioVersion = 17.8.34525.116
MinimumVisualStudioVersion = 10.0.40219.1
Project("{FAE04EC0-301F-11D3-BF4B-00C04F79EFBC}") = "Sandbox", "Sandbox\Sandbox.csproj", "{4F00A5F5-6065-4019-BF93-539A22AADD21}"
EndProject
Project("{FAE04EC0-301F-11D3-BF4B-00C04F79EFBC}") = "Sandbox.Client", "Sandbox.Client\Sandbox.Client.csproj", "{FBCD7730-B3E9-444A-97D9-B017C5DE6727}"
EndProject
Global
	GlobalSection(SolutionConfigurationPlatforms) = preSolution
		Debug|Any CPU = Debug|Any CPU
		Release|Any CPU = Release|Any CPU
	EndGlobalSection
	GlobalSection(ProjectConfigurationPlatforms) = postSolution
		{4F00A5F5-6065-4019-BF93-539A22AADD21}.Debug|Any CPU.ActiveCfg = Debug|Any CPU
		{4F00A5F5-6065-4019-BF93-539A22AADD21}.Debug|Any CPU.Build.0 = Debug|Any CPU
		{4F00A5F5-6065-4019-BF93-539A22AADD21}.Release|Any CPU.ActiveCfg = Release|Any CPU
		{4F00A5F5-6065-4019-BF93-539A22AADD21}.Release|Any CPU.Build.0 = Release|Any CPU
		{FBCD7730-B3E9-444A-97D9-B017C5DE6727}.Debug|Any CPU.ActiveCfg = Debug|Any CPU
		{FBCD7730-B3E9-444A-97D9-B017C5DE6727}.Debug|Any CPU.Build.0 = Debug|Any CPU
		{FBCD7730-B3E9-444A-97D9-B017C5DE6727}.Release|Any CPU.ActiveCfg = Release|Any CPU
		{FBCD7730-B3E9-444A-97D9-B017C5DE6727}.Release|Any CPU.Build.0 = Release|Any CPU
	EndGlobalSection
	GlobalSection(SolutionProperties) = preSolution
		HideSolutionNode = FALSE
	EndGlobalSection
	GlobalSection(ExtensibilityGlobals) = postSolution
		SolutionGuid = {B474A003-4BB6-4726-B7D4-CCAA4EBDD461}
	EndGlobalSection
EndGlobal
